// !$*UTF8*$!
{
	archiveVersion = 1;
	classes = {
	};
	objectVersion = 77;
	objects = {

/* Begin PBXBuildFile section */
		DDACDD782DBDE71500F8D9BC /* com.m-cortana.USB-Test.NullUSBDriver.dext in Embed System Extensions */ = {isa = PBXBuildFile; fileRef = DDACDD6C2DBDE71500F8D9BC /* com.m-cortana.USB-Test.NullUSBDriver.dext */; settings = {ATTRIBUTES = (RemoveHeadersOnCopy, ); }; };
		DDE13D6E2DC0088D00700D9B /* IOKit.framework in Frameworks */ = {isa = PBXBuildFile; fileRef = DDE13D6D2DC0088D00700D9B /* IOKit.framework */; };
		DDE13E132DC1E1E400700D9B /* DriverKit.framework in Frameworks */ = {isa = PBXBuildFile; fileRef = DDE13E112DC1E1D300700D9B /* DriverKit.framework */; };
		DDF48D9D2DD015EA0084F0A9 /* USBDriverKit.framework in Frameworks */ = {isa = PBXBuildFile; fileRef = DDF48D9C2DD015EA0084F0A9 /* USBDriverKit.framework */; };
/* End PBXBuildFile section */

/* Begin PBXContainerItemProxy section */
		DDACDD762DBDE71500F8D9BC /* PBXContainerItemProxy */ = {
			isa = PBXContainerItemProxy;
			containerPortal = DDACDD322DBDE6F100F8D9BC /* Project object */;
			proxyType = 1;
			remoteGlobalIDString = DDACDD6B2DBDE71500F8D9BC;
			remoteInfo = NullUSBDriver;
		};
/* End PBXContainerItemProxy section */

/* Begin PBXCopyFilesBuildPhase section */
		DDACDD7D2DBDE71500F8D9BC /* Embed System Extensions */ = {
			isa = PBXCopyFilesBuildPhase;
			buildActionMask = 2147483647;
			dstPath = "$(SYSTEM_EXTENSIONS_FOLDER_PATH)";
			dstSubfolderSpec = 16;
			files = (
				DDACDD782DBDE71500F8D9BC /* com.m-cortana.USB-Test.NullUSBDriver.dext in Embed System Extensions */,
			);
			name = "Embed System Extensions";
			runOnlyForDeploymentPostprocessing = 0;
		};
/* End PBXCopyFilesBuildPhase section */

/* Begin PBXFileReference section */
		DD6B32AE2DC1F00E0062B983 /* NullUSBDriver copy-Info.plist */ = {isa = PBXFileReference; lastKnownFileType = text.plist.xml; name = "NullUSBDriver copy-Info.plist"; path = "/Users/ouyangzonghua/Documents/ESE5730 Chip Design/Preparation/PCB/Resource/USB/DriverKit/USB Test/NullUSBDriver copy-Info.plist"; sourceTree = "<absolute>"; };
		DDACDD3A2DBDE6F100F8D9BC /* USB Test.app */ = {isa = PBXFileReference; explicitFileType = wrapper.application; includeInIndex = 0; path = "USB Test.app"; sourceTree = BUILT_PRODUCTS_DIR; };
		DDACDD6C2DBDE71500F8D9BC /* com.m-cortana.USB-Test.NullUSBDriver.dext */ = {isa = PBXFileReference; explicitFileType = "wrapper.driver-extension"; includeInIndex = 0; path = "com.m-cortana.USB-Test.NullUSBDriver.dext"; sourceTree = BUILT_PRODUCTS_DIR; };
		DDE13D6D2DC0088D00700D9B /* IOKit.framework */ = {isa = PBXFileReference; lastKnownFileType = wrapper.framework; name = IOKit.framework; path = System/Library/Frameworks/IOKit.framework; sourceTree = SDKROOT; };
		DDE13E112DC1E1D300700D9B /* DriverKit.framework */ = {isa = PBXFileReference; lastKnownFileType = wrapper.framework; name = DriverKit.framework; path = Platforms/DriverKit.platform/Developer/SDKs/DriverKit24.4.sdk/System/DriverKit/System/Library/Frameworks/DriverKit.framework; sourceTree = DEVELOPER_DIR; };
		DDF48D9C2DD015EA0084F0A9 /* USBDriverKit.framework */ = {isa = PBXFileReference; lastKnownFileType = wrapper.framework; name = USBDriverKit.framework; path = Platforms/DriverKit.platform/Developer/SDKs/DriverKit24.4.sdk/System/DriverKit/System/Library/Frameworks/USBDriverKit.framework; sourceTree = DEVELOPER_DIR; };
/* End PBXFileReference section */

/* Begin PBXFileSystemSynchronizedBuildFileExceptionSet section */
		DDE13E102DC1DC4E00700D9B /* Exceptions for "NullUSBDriver" folder in "NullUSBDriver" target */ = {
			isa = PBXFileSystemSynchronizedBuildFileExceptionSet;
			membershipExceptions = (
				Info.plist,
			);
			target = DDACDD6B2DBDE71500F8D9BC /* NullUSBDriver */;
		};
/* End PBXFileSystemSynchronizedBuildFileExceptionSet section */

/* Begin PBXFileSystemSynchronizedRootGroup section */
		DDACDD3C2DBDE6F100F8D9BC /* USB Test */ = {
			isa = PBXFileSystemSynchronizedRootGroup;
			path = "USB Test";
			sourceTree = "<group>";
		};
		DDACDD702DBDE71500F8D9BC /* NullUSBDriver */ = {
			isa = PBXFileSystemSynchronizedRootGroup;
			exceptions = (
				DDE13E102DC1DC4E00700D9B /* Exceptions for "NullUSBDriver" folder in "NullUSBDriver" target */,
			);
			path = NullUSBDriver;
			sourceTree = "<group>";
		};
/* End PBXFileSystemSynchronizedRootGroup section */

/* Begin PBXFrameworksBuildPhase section */
		DDACDD372DBDE6F100F8D9BC /* Frameworks */ = {
			isa = PBXFrameworksBuildPhase;
			buildActionMask = 2147483647;
			files = (
				DDE13D6E2DC0088D00700D9B /* IOKit.framework in Frameworks */,
			);
			runOnlyForDeploymentPostprocessing = 0;
		};
		DDACDD692DBDE71500F8D9BC /* Frameworks */ = {
			isa = PBXFrameworksBuildPhase;
			buildActionMask = 2147483647;
			files = (
				DDF48D9D2DD015EA0084F0A9 /* USBDriverKit.framework in Frameworks */,
				DDE13E132DC1E1E400700D9B /* DriverKit.framework in Frameworks */,
			);
			runOnlyForDeploymentPostprocessing = 0;
		};
/* End PBXFrameworksBuildPhase section */

/* Begin PBXGroup section */
		DDACDD312DBDE6F100F8D9BC = {
			isa = PBXGroup;
			children = (
				DDACDD3C2DBDE6F100F8D9BC /* USB Test */,
				DDACDD702DBDE71500F8D9BC /* NullUSBDriver */,
				DDACDD6D2DBDE71500F8D9BC /* Frameworks */,
				DD6B32AE2DC1F00E0062B983 /* NullUSBDriver copy-Info.plist */,
				DDACDD3B2DBDE6F100F8D9BC /* Products */,
			);
			sourceTree = "<group>";
		};
		DDACDD3B2DBDE6F100F8D9BC /* Products */ = {
			isa = PBXGroup;
			children = (
				DDACDD3A2DBDE6F100F8D9BC /* USB Test.app */,
				DDACDD6C2DBDE71500F8D9BC /* com.m-cortana.USB-Test.NullUSBDriver.dext */,
			);
			name = Products;
			sourceTree = "<group>";
		};
		DDACDD6D2DBDE71500F8D9BC /* Frameworks */ = {
			isa = PBXGroup;
			children = (
				DDF48D9C2DD015EA0084F0A9 /* USBDriverKit.framework */,
				DDE13E112DC1E1D300700D9B /* DriverKit.framework */,
				DDE13D6D2DC0088D00700D9B /* IOKit.framework */,
			);
			name = Frameworks;
			sourceTree = "<group>";
		};
/* End PBXGroup section */

/* Begin PBXHeadersBuildPhase section */
		DDACDD672DBDE71500F8D9BC /* Headers */ = {
			isa = PBXHeadersBuildPhase;
			buildActionMask = 2147483647;
			files = (
			);
			runOnlyForDeploymentPostprocessing = 0;
		};
/* End PBXHeadersBuildPhase section */

/* Begin PBXNativeTarget section */
		DDACDD392DBDE6F100F8D9BC /* USB Test */ = {
			isa = PBXNativeTarget;
			buildConfigurationList = DDACDD5E2DBDE6F300F8D9BC /* Build configuration list for PBXNativeTarget "USB Test" */;
			buildPhases = (
				DDACDD362DBDE6F100F8D9BC /* Sources */,
				DDACDD372DBDE6F100F8D9BC /* Frameworks */,
				DDACDD382DBDE6F100F8D9BC /* Resources */,
				DDACDD7D2DBDE71500F8D9BC /* Embed System Extensions */,
			);
			buildRules = (
			);
			dependencies = (
				DDACDD772DBDE71500F8D9BC /* PBXTargetDependency */,
			);
			fileSystemSynchronizedGroups = (
				DDACDD3C2DBDE6F100F8D9BC /* USB Test */,
			);
			name = "USB Test";
			packageProductDependencies = (
			);
			productName = "USB Test";
			productReference = DDACDD3A2DBDE6F100F8D9BC /* USB Test.app */;
			productType = "com.apple.product-type.application";
		};
		DDACDD6B2DBDE71500F8D9BC /* NullUSBDriver */ = {
			isa = PBXNativeTarget;
			buildConfigurationList = DDACDD7A2DBDE71500F8D9BC /* Build configuration list for PBXNativeTarget "NullUSBDriver" */;
			buildPhases = (
				DDACDD672DBDE71500F8D9BC /* Headers */,
				DDACDD682DBDE71500F8D9BC /* Sources */,
				DDACDD692DBDE71500F8D9BC /* Frameworks */,
				DDACDD6A2DBDE71500F8D9BC /* Resources */,
			);
			buildRules = (
			);
			dependencies = (
			);
			fileSystemSynchronizedGroups = (
				DDACDD702DBDE71500F8D9BC /* NullUSBDriver */,
			);
			name = NullUSBDriver;
			packageProductDependencies = (
			);
			productName = NullUSBDriver;
			productReference = DDACDD6C2DBDE71500F8D9BC /* com.m-cortana.USB-Test.NullUSBDriver.dext */;
			productType = "com.apple.product-type.driver-extension";
		};
/* End PBXNativeTarget section */

/* Begin PBXProject section */
		DDACDD322DBDE6F100F8D9BC /* Project object */ = {
			isa = PBXProject;
			attributes = {
				BuildIndependentTargetsInParallel = 1;
				LastSwiftUpdateCheck = 1600;
				LastUpgradeCheck = 1600;
				TargetAttributes = {
					DDACDD392DBDE6F100F8D9BC = {
						CreatedOnToolsVersion = 16.0;
						LastSwiftMigration = 1630;
					};
					DDACDD6B2DBDE71500F8D9BC = {
						CreatedOnToolsVersion = 16.0;
					};
				};
			};
			buildConfigurationList = DDACDD352DBDE6F100F8D9BC /* Build configuration list for PBXProject "USB Test" */;
			developmentRegion = en;
			hasScannedForEncodings = 0;
			knownRegions = (
				en,
				Base,
			);
			mainGroup = DDACDD312DBDE6F100F8D9BC;
			minimizedProjectReferenceProxies = 1;
			preferredProjectObjectVersion = 77;
			productRefGroup = DDACDD3B2DBDE6F100F8D9BC /* Products */;
			projectDirPath = "";
			projectRoot = "";
			targets = (
				DDACDD392DBDE6F100F8D9BC /* USB Test */,
				DDACDD6B2DBDE71500F8D9BC /* NullUSBDriver */,
			);
		};
/* End PBXProject section */

/* Begin PBXResourcesBuildPhase section */
		DDACDD382DBDE6F100F8D9BC /* Resources */ = {
			isa = PBXResourcesBuildPhase;
			buildActionMask = 2147483647;
			files = (
			);
			runOnlyForDeploymentPostprocessing = 0;
		};
		DDACDD6A2DBDE71500F8D9BC /* Resources */ = {
			isa = PBXResourcesBuildPhase;
			buildActionMask = 2147483647;
			files = (
			);
			runOnlyForDeploymentPostprocessing = 0;
		};
/* End PBXResourcesBuildPhase section */

/* Begin PBXSourcesBuildPhase section */
		DDACDD362DBDE6F100F8D9BC /* Sources */ = {
			isa = PBXSourcesBuildPhase;
			buildActionMask = 2147483647;
			files = (
			);
			runOnlyForDeploymentPostprocessing = 0;
		};
		DDACDD682DBDE71500F8D9BC /* Sources */ = {
			isa = PBXSourcesBuildPhase;
			buildActionMask = 2147483647;
			files = (
			);
			runOnlyForDeploymentPostprocessing = 0;
		};
/* End PBXSourcesBuildPhase section */

/* Begin PBXTargetDependency section */
		DDACDD772DBDE71500F8D9BC /* PBXTargetDependency */ = {
			isa = PBXTargetDependency;
			target = DDACDD6B2DBDE71500F8D9BC /* NullUSBDriver */;
			targetProxy = DDACDD762DBDE71500F8D9BC /* PBXContainerItemProxy */;
		};
/* End PBXTargetDependency section */

/* Begin XCBuildConfiguration section */
		DDACDD5C2DBDE6F300F8D9BC /* Debug */ = {
			isa = XCBuildConfiguration;
			buildSettings = {
				ALLOW_TARGET_PLATFORM_SPECIALIZATION = YES;
				ALWAYS_SEARCH_USER_PATHS = NO;
				ASSETCATALOG_COMPILER_GENERATE_SWIFT_ASSET_SYMBOL_EXTENSIONS = YES;
				CLANG_ANALYZER_NONNULL = YES;
				CLANG_ANALYZER_NUMBER_OBJECT_CONVERSION = YES_AGGRESSIVE;
				CLANG_CXX_LANGUAGE_STANDARD = "gnu++20";
				CLANG_ENABLE_MODULES = YES;
				CLANG_ENABLE_OBJC_ARC = YES;
				CLANG_ENABLE_OBJC_WEAK = YES;
				CLANG_WARN_BLOCK_CAPTURE_AUTORELEASING = YES;
				CLANG_WARN_BOOL_CONVERSION = YES;
				CLANG_WARN_COMMA = YES;
				CLANG_WARN_CONSTANT_CONVERSION = YES;
				CLANG_WARN_DEPRECATED_OBJC_IMPLEMENTATIONS = YES;
				CLANG_WARN_DIRECT_OBJC_ISA_USAGE = YES_ERROR;
				CLANG_WARN_DOCUMENTATION_COMMENTS = YES;
				CLANG_WARN_EMPTY_BODY = YES;
				CLANG_WARN_ENUM_CONVERSION = YES;
				CLANG_WARN_INFINITE_RECURSION = YES;
				CLANG_WARN_INT_CONVERSION = YES;
				CLANG_WARN_NON_LITERAL_NULL_CONVERSION = YES;
				CLANG_WARN_OBJC_IMPLICIT_RETAIN_SELF = YES;
				CLANG_WARN_OBJC_LITERAL_CONVERSION = YES;
				CLANG_WARN_OBJC_ROOT_CLASS = YES_ERROR;
				CLANG_WARN_QUOTED_INCLUDE_IN_FRAMEWORK_HEADER = YES;
				CLANG_WARN_RANGE_LOOP_ANALYSIS = YES;
				CLANG_WARN_STRICT_PROTOTYPES = YES;
				CLANG_WARN_SUSPICIOUS_MOVE = YES;
				CLANG_WARN_UNGUARDED_AVAILABILITY = YES_AGGRESSIVE;
				CLANG_WARN_UNREACHABLE_CODE = YES;
				CLANG_WARN__DUPLICATE_METHOD_MATCH = YES;
				COPY_PHASE_STRIP = NO;
				DEBUG_INFORMATION_FORMAT = dwarf;
				ENABLE_DEBUG_DYLIB = YES;
				ENABLE_ON_DEMAND_RESOURCES = NO;
				ENABLE_STRICT_OBJC_MSGSEND = YES;
				ENABLE_TESTABILITY = YES;
				ENABLE_USER_SCRIPT_SANDBOXING = YES;
				GCC_C_LANGUAGE_STANDARD = gnu17;
				GCC_DYNAMIC_NO_PIC = NO;
				GCC_NO_COMMON_BLOCKS = YES;
				GCC_OPTIMIZATION_LEVEL = 0;
				GCC_PREPROCESSOR_DEFINITIONS = (
					"DEBUG=1",
					"$(inherited)",
				);
				GCC_WARN_64_TO_32_BIT_CONVERSION = YES;
				GCC_WARN_ABOUT_RETURN_TYPE = YES_ERROR;
				GCC_WARN_UNDECLARED_SELECTOR = YES;
				GCC_WARN_UNINITIALIZED_AUTOS = YES_AGGRESSIVE;
				GCC_WARN_UNUSED_FUNCTION = YES;
				GCC_WARN_UNUSED_VARIABLE = YES;
				IPHONEOS_DEPLOYMENT_TARGET = 18.4;
				LOCALIZATION_PREFERS_STRING_CATALOGS = YES;
				MACH_O_TYPE = mh_execute;
				MACOSX_DEPLOYMENT_TARGET = 12.4;
				MTL_ENABLE_DEBUG_INFO = INCLUDE_SOURCE;
				MTL_FAST_MATH = YES;
				ONLY_ACTIVE_ARCH = YES;
				SDKROOT = iphoneos;
				SUPPORTED_PLATFORMS = "iphonesimulator iphoneos";
				SUPPORTS_MACCATALYST = YES;
				SWIFT_ACTIVE_COMPILATION_CONDITIONS = "DEBUG $(inherited)";
				SWIFT_OPTIMIZATION_LEVEL = "-Onone";
				TARGETED_DEVICE_FAMILY = iPad;
			};
			name = Debug;
		};
		DDACDD5D2DBDE6F300F8D9BC /* Release */ = {
			isa = XCBuildConfiguration;
			buildSettings = {
				ALLOW_TARGET_PLATFORM_SPECIALIZATION = YES;
				ALWAYS_SEARCH_USER_PATHS = NO;
				ASSETCATALOG_COMPILER_GENERATE_SWIFT_ASSET_SYMBOL_EXTENSIONS = YES;
				CLANG_ANALYZER_NONNULL = YES;
				CLANG_ANALYZER_NUMBER_OBJECT_CONVERSION = YES_AGGRESSIVE;
				CLANG_CXX_LANGUAGE_STANDARD = "gnu++20";
				CLANG_ENABLE_MODULES = YES;
				CLANG_ENABLE_OBJC_ARC = YES;
				CLANG_ENABLE_OBJC_WEAK = YES;
				CLANG_WARN_BLOCK_CAPTURE_AUTORELEASING = YES;
				CLANG_WARN_BOOL_CONVERSION = YES;
				CLANG_WARN_COMMA = YES;
				CLANG_WARN_CONSTANT_CONVERSION = YES;
				CLANG_WARN_DEPRECATED_OBJC_IMPLEMENTATIONS = YES;
				CLANG_WARN_DIRECT_OBJC_ISA_USAGE = YES_ERROR;
				CLANG_WARN_DOCUMENTATION_COMMENTS = YES;
				CLANG_WARN_EMPTY_BODY = YES;
				CLANG_WARN_ENUM_CONVERSION = YES;
				CLANG_WARN_INFINITE_RECURSION = YES;
				CLANG_WARN_INT_CONVERSION = YES;
				CLANG_WARN_NON_LITERAL_NULL_CONVERSION = YES;
				CLANG_WARN_OBJC_IMPLICIT_RETAIN_SELF = YES;
				CLANG_WARN_OBJC_LITERAL_CONVERSION = YES;
				CLANG_WARN_OBJC_ROOT_CLASS = YES_ERROR;
				CLANG_WARN_QUOTED_INCLUDE_IN_FRAMEWORK_HEADER = YES;
				CLANG_WARN_RANGE_LOOP_ANALYSIS = YES;
				CLANG_WARN_STRICT_PROTOTYPES = YES;
				CLANG_WARN_SUSPICIOUS_MOVE = YES;
				CLANG_WARN_UNGUARDED_AVAILABILITY = YES_AGGRESSIVE;
				CLANG_WARN_UNREACHABLE_CODE = YES;
				CLANG_WARN__DUPLICATE_METHOD_MATCH = YES;
				COPY_PHASE_STRIP = NO;
				DEBUG_INFORMATION_FORMAT = "dwarf-with-dsym";
				ENABLE_DEBUG_DYLIB = YES;
				ENABLE_NS_ASSERTIONS = NO;
				ENABLE_ON_DEMAND_RESOURCES = NO;
				ENABLE_STRICT_OBJC_MSGSEND = YES;
				ENABLE_USER_SCRIPT_SANDBOXING = YES;
				GCC_C_LANGUAGE_STANDARD = gnu17;
				GCC_NO_COMMON_BLOCKS = YES;
				GCC_WARN_64_TO_32_BIT_CONVERSION = YES;
				GCC_WARN_ABOUT_RETURN_TYPE = YES_ERROR;
				GCC_WARN_UNDECLARED_SELECTOR = YES;
				GCC_WARN_UNINITIALIZED_AUTOS = YES_AGGRESSIVE;
				GCC_WARN_UNUSED_FUNCTION = YES;
				GCC_WARN_UNUSED_VARIABLE = YES;
				IPHONEOS_DEPLOYMENT_TARGET = 18.4;
				LOCALIZATION_PREFERS_STRING_CATALOGS = YES;
				MACH_O_TYPE = mh_execute;
				MACOSX_DEPLOYMENT_TARGET = 12.4;
				MTL_ENABLE_DEBUG_INFO = NO;
				MTL_FAST_MATH = YES;
				SDKROOT = iphoneos;
				SUPPORTED_PLATFORMS = "iphonesimulator iphoneos";
				SUPPORTS_MACCATALYST = YES;
				SWIFT_COMPILATION_MODE = wholemodule;
				TARGETED_DEVICE_FAMILY = iPad;
				VALIDATE_PRODUCT = YES;
			};
			name = Release;
		};
		DDACDD5F2DBDE6F300F8D9BC /* Debug */ = {
			isa = XCBuildConfiguration;
			buildSettings = {
				ALLOW_TARGET_PLATFORM_SPECIALIZATION = YES;
				ASSETCATALOG_COMPILER_APPICON_NAME = AppIcon;
				ASSETCATALOG_COMPILER_GLOBAL_ACCENT_COLOR_NAME = AccentColor;
				CLANG_ENABLE_MODULES = YES;
				CODE_SIGN_ENTITLEMENTS = "USB Test/USB Test.entitlements";
				CODE_SIGN_STYLE = Automatic;
				CURRENT_PROJECT_VERSION = 1;
				DEVELOPMENT_ASSET_PATHS = "\"USB Test/Preview Content\"";
				DEVELOPMENT_TEAM = LF83NM9LAX;
				ENABLE_PREVIEWS = YES;
				GENERATE_INFOPLIST_FILE = YES;
				INFOPLIST_KEY_UIApplicationSceneManifest_Generation = YES;
				INFOPLIST_KEY_UIApplicationSupportsIndirectInputEvents = YES;
				INFOPLIST_KEY_UILaunchScreen_Generation = YES;
				INFOPLIST_KEY_UISupportedInterfaceOrientations = "UIInterfaceOrientationLandscapeLeft UIInterfaceOrientationLandscapeRight UIInterfaceOrientationPortrait";
				IPHONEOS_DEPLOYMENT_TARGET = 18.4;
				LD_RUNPATH_SEARCH_PATHS = (
					"$(inherited)",
					"@executable_path/../Frameworks",
				);
				MACOSX_DEPLOYMENT_TARGET = 12.4;
				MARKETING_VERSION = 1.0;
				PRODUCT_BUNDLE_IDENTIFIER = "com.m-cortana.USB-Test";
				PRODUCT_NAME = "$(TARGET_NAME)";
				SDKROOT = iphoneos;
				SUPPORTED_PLATFORMS = "iphoneos iphonesimulator";
				SUPPORTS_MACCATALYST = NO;
				SUPPORTS_MAC_DESIGNED_FOR_IPHONE_IPAD = NO;
				SUPPORTS_XR_DESIGNED_FOR_IPHONE_IPAD = NO;
				SWIFT_EMIT_LOC_STRINGS = YES;
				SWIFT_OBJC_BRIDGING_HEADER = "USB Test/USB Test-Bridging-Header.h";
				SWIFT_OPTIMIZATION_LEVEL = "-Onone";
				SWIFT_VERSION = 5.0;
				TARGETED_DEVICE_FAMILY = 2;
			};
			name = Debug;
		};
		DDACDD602DBDE6F300F8D9BC /* Release */ = {
			isa = XCBuildConfiguration;
			buildSettings = {
				ALLOW_TARGET_PLATFORM_SPECIALIZATION = YES;
				ASSETCATALOG_COMPILER_APPICON_NAME = AppIcon;
				ASSETCATALOG_COMPILER_GLOBAL_ACCENT_COLOR_NAME = AccentColor;
				CLANG_ENABLE_MODULES = YES;
				CODE_SIGN_ENTITLEMENTS = "USB Test/USB Test.entitlements";
				CODE_SIGN_STYLE = Automatic;
				CURRENT_PROJECT_VERSION = 1;
				DEVELOPMENT_ASSET_PATHS = "\"USB Test/Preview Content\"";
				DEVELOPMENT_TEAM = LF83NM9LAX;
				ENABLE_PREVIEWS = YES;
				GENERATE_INFOPLIST_FILE = YES;
				INFOPLIST_KEY_UIApplicationSceneManifest_Generation = YES;
				INFOPLIST_KEY_UIApplicationSupportsIndirectInputEvents = YES;
				INFOPLIST_KEY_UILaunchScreen_Generation = YES;
				INFOPLIST_KEY_UISupportedInterfaceOrientations = "UIInterfaceOrientationLandscapeLeft UIInterfaceOrientationLandscapeRight UIInterfaceOrientationPortrait";
				IPHONEOS_DEPLOYMENT_TARGET = 18.4;
				LD_RUNPATH_SEARCH_PATHS = (
					"$(inherited)",
					"@executable_path/../Frameworks",
				);
				MACOSX_DEPLOYMENT_TARGET = 12.4;
				MARKETING_VERSION = 1.0;
				PRODUCT_BUNDLE_IDENTIFIER = "com.m-cortana.USB-Test";
				PRODUCT_NAME = "$(TARGET_NAME)";
				SDKROOT = iphoneos;
				SUPPORTED_PLATFORMS = "iphoneos iphonesimulator";
				SUPPORTS_MACCATALYST = NO;
				SUPPORTS_MAC_DESIGNED_FOR_IPHONE_IPAD = NO;
				SUPPORTS_XR_DESIGNED_FOR_IPHONE_IPAD = NO;
				SWIFT_EMIT_LOC_STRINGS = YES;
				SWIFT_OBJC_BRIDGING_HEADER = "USB Test/USB Test-Bridging-Header.h";
				SWIFT_VERSION = 5.0;
				TARGETED_DEVICE_FAMILY = 2;
			};
			name = Release;
		};
		DDACDD7B2DBDE71500F8D9BC /* Debug */ = {
			isa = XCBuildConfiguration;
			buildSettings = {
				CLANG_CXX_LANGUAGE_STANDARD = "gnu++17";
				CODE_SIGN_ENTITLEMENTS = NullUSBDriver/NullUSBDriver.entitlements;
				CODE_SIGN_IDENTITY = "Apple Development";
				CODE_SIGN_STYLE = Automatic;
				CURRENT_PROJECT_VERSION = 1;
				DEVELOPMENT_TEAM = LF83NM9LAX;
				DRIVERKIT_DEPLOYMENT_TARGET = 24.0;
				FRAMEWORK_SEARCH_PATHS = (
					"$(inherited)",
					"$(SDKROOT)/System/DriverKit/System/Library/Frameworks",
				);
				GENERATE_INFOPLIST_FILE = YES;
				INFOPLIST_FILE = NullUSBDriver/Info.plist;
				INFOPLIST_KEY_OSBundleUsageDescription = "";
				MARKETING_VERSION = 1.0;
				PRODUCT_BUNDLE_IDENTIFIER = "com.m-cortana.USB-Test.NullUSBDriver";
				PRODUCT_NAME = "$(inherited)";
				PROVISIONING_PROFILE_SPECIFIER = "";
				RUN_CLANG_STATIC_ANALYZER = YES;
				SDKROOT = driverkit;
				SKIP_INSTALL = YES;
				SUPPORTED_PLATFORMS = driverkit;
				SUPPORTS_MACCATALYST = NO;
				SWIFT_EMIT_LOC_STRINGS = YES;
				TARGETED_DEVICE_FAMILY = iPad;
			};
			name = Debug;
		};
		DDACDD7C2DBDE71500F8D9BC /* Release */ = {
			isa = XCBuildConfiguration;
			buildSettings = {
				CLANG_CXX_LANGUAGE_STANDARD = "gnu++17";
				CODE_SIGN_ENTITLEMENTS = NullUSBDriver/NullUSBDriver.entitlements;
				CODE_SIGN_IDENTITY = "Apple Development";
				CODE_SIGN_STYLE = Automatic;
				CURRENT_PROJECT_VERSION = 1;
				DEVELOPMENT_TEAM = LF83NM9LAX;
				DRIVERKIT_DEPLOYMENT_TARGET = 24.0;
				FRAMEWORK_SEARCH_PATHS = (
					"$(inherited)",
					"$(SDKROOT)/System/DriverKit/System/Library/Frameworks",
				);
				GENERATE_INFOPLIST_FILE = YES;
				INFOPLIST_FILE = NullUSBDriver/Info.plist;
				INFOPLIST_KEY_OSBundleUsageDescription = "";
				MARKETING_VERSION = 1.0;
				PRODUCT_BUNDLE_IDENTIFIER = "com.m-cortana.USB-Test.NullUSBDriver";
				PRODUCT_NAME = "$(inherited)";
				PROVISIONING_PROFILE_SPECIFIER = "";
				RUN_CLANG_STATIC_ANALYZER = YES;
				SDKROOT = driverkit;
				SKIP_INSTALL = YES;
				SUPPORTED_PLATFORMS = driverkit;
				SUPPORTS_MACCATALYST = NO;
				SWIFT_EMIT_LOC_STRINGS = YES;
				TARGETED_DEVICE_FAMILY = iPad;
			};
			name = Release;
		};
/* End XCBuildConfiguration section */

/* Begin XCConfigurationList section */
		DDACDD352DBDE6F100F8D9BC /* Build configuration list for PBXProject "USB Test" */ = {
			isa = XCConfigurationList;
			buildConfigurations = (
				DDACDD5C2DBDE6F300F8D9BC /* Debug */,
				DDACDD5D2DBDE6F300F8D9BC /* Release */,
			);
			defaultConfigurationIsVisible = 0;
			defaultConfigurationName = Release;
		};
		DDACDD5E2DBDE6F300F8D9BC /* Build configuration list for PBXNativeTarget "USB Test" */ = {
			isa = XCConfigurationList;
			buildConfigurations = (
				DDACDD5F2DBDE6F300F8D9BC /* Debug */,
				DDACDD602DBDE6F300F8D9BC /* Release */,
			);
			defaultConfigurationIsVisible = 0;
			defaultConfigurationName = Release;
		};
		DDACDD7A2DBDE71500F8D9BC /* Build configuration list for PBXNativeTarget "NullUSBDriver" */ = {
			isa = XCConfigurationList;
			buildConfigurations = (
				DDACDD7B2DBDE71500F8D9BC /* Debug */,
				DDACDD7C2DBDE71500F8D9BC /* Release */,
			);
			defaultConfigurationIsVisible = 0;
			defaultConfigurationName = Release;
		};
/* End XCConfigurationList section */
	};
	rootObject = DDACDD322DBDE6F100F8D9BC /* Project object */;
}
